
Microsoft Visual Studio Solution File, Format Version 12.00
# Visual Studio Version 16
VisualStudioVersion = 16.0.29123.88
MinimumVisualStudioVersion = 10.0.40219.1
Project("{FAE04EC0-301F-11D3-BF4B-00C04F79EFBC}") = "GrandCircusLab17", "GrandCircusLab17\GrandCircusLab17.csproj", "{1B2FEFD4-7C64-47C8-B8B0-70BD613D9E08}"
EndProject
Project("{FAE04EC0-301F-11D3-BF4B-00C04F79EFBC}") = "XUnitTestProject1", "XUnitTestProject1\XUnitTestProject1.csproj", "{09C373DB-3E24-4C25-8DDA-990862680D19}"
EndProject
Global
	GlobalSection(SolutionConfigurationPlatforms) = preSolution
		Debug|Any CPU = Debug|Any CPU
		Release|Any CPU = Release|Any CPU
	EndGlobalSection
	GlobalSection(ProjectConfigurationPlatforms) = postSolution
		{1B2FEFD4-7C64-47C8-B8B0-70BD613D9E08}.Debug|Any CPU.ActiveCfg = Debug|Any CPU
		{1B2FEFD4-7C64-47C8-B8B0-70BD613D9E08}.Debug|Any CPU.Build.0 = Debug|Any CPU
		{1B2FEFD4-7C64-47C8-B8B0-70BD613D9E08}.Release|Any CPU.ActiveCfg = Release|Any CPU
		{1B2FEFD4-7C64-47C8-B8B0-70BD613D9E08}.Release|Any CPU.Build.0 = Release|Any CPU
		{09C373DB-3E24-4C25-8DDA-990862680D19}.Debug|Any CPU.ActiveCfg = Debug|Any CPU
		{09C373DB-3E24-4C25-8DDA-990862680D19}.Debug|Any CPU.Build.0 = Debug|Any CPU
		{09C373DB-3E24-4C25-8DDA-990862680D19}.Release|Any CPU.ActiveCfg = Release|Any CPU
		{09C373DB-3E24-4C25-8DDA-990862680D19}.Release|Any CPU.Build.0 = Release|Any CPU
	EndGlobalSection
	GlobalSection(SolutionProperties) = preSolution
		HideSolutionNode = FALSE
	EndGlobalSection
	GlobalSection(ExtensibilityGlobals) = postSolution
		SolutionGuid = {DC9B5DE0-8659-42F9-ACE5-1CD83C44994B}
	EndGlobalSection
EndGlobal
